// !$*UTF8*$!
{
	archiveVersion = 1;
	classes = {
	};
	objectVersion = 51;
	objects = {

/* Begin PBXBuildFile section */
		5008085223F3416700FD307C /* WorkoutPlan.swift in Sources */ = {isa = PBXBuildFile; fileRef = 5008085123F3416700FD307C /* WorkoutPlan.swift */; };
		50524BDF23ECACF900703791 /* WorkoutDayCell.swift in Sources */ = {isa = PBXBuildFile; fileRef = 50524BDE23ECACF900703791 /* WorkoutDayCell.swift */; };
		50524BE123ECC40900703791 /* WorkoutCard.swift in Sources */ = {isa = PBXBuildFile; fileRef = 50524BE023ECC40900703791 /* WorkoutCard.swift */; };
		506E387524043036001EEE6C /* FindBuddyVC.swift in Sources */ = {isa = PBXBuildFile; fileRef = 506E387424043036001EEE6C /* FindBuddyVC.swift */; };
		506E38772404335C001EEE6C /* BuddyRequestCell.swift in Sources */ = {isa = PBXBuildFile; fileRef = 506E38762404335C001EEE6C /* BuddyRequestCell.swift */; };
		506E387924043D75001EEE6C /* BuddyRequest.swift in Sources */ = {isa = PBXBuildFile; fileRef = 506E387824043D75001EEE6C /* BuddyRequest.swift */; };
		508391FC2405D09100F24E7E /* CreateBuddyRequestVC.swift in Sources */ = {isa = PBXBuildFile; fileRef = 508391FB2405D09100F24E7E /* CreateBuddyRequestVC.swift */; };
		508BC8A123E8870900A93734 /* Exercise.swift in Sources */ = {isa = PBXBuildFile; fileRef = 508BC8A023E8870900A93734 /* Exercise.swift */; };
		50C0D58C23FF30CE0039D4A4 /* PlanPersistence.swift in Sources */ = {isa = PBXBuildFile; fileRef = 50C0D58A23FF30CE0039D4A4 /* PlanPersistence.swift */; };
		50C0D58D23FF30CE0039D4A4 /* PersistenceHelper.swift in Sources */ = {isa = PBXBuildFile; fileRef = 50C0D58B23FF30CE0039D4A4 /* PersistenceHelper.swift */; };
		50D4D73623E09FCD00DD7486 /* ExerciseInfoCell.swift in Sources */ = {isa = PBXBuildFile; fileRef = 50D4D73523E09FCD00DD7486 /* ExerciseInfoCell.swift */; };
		50D4D73823E0A32100DD7486 /* CellButtonProtocol.swift in Sources */ = {isa = PBXBuildFile; fileRef = 50D4D73723E0A32100DD7486 /* CellButtonProtocol.swift */; };
		50F29F4123E0E9AB0050C2CD /* GoogleService-Info.plist in Resources */ = {isa = PBXBuildFile; fileRef = 50F29F4023E0E9AB0050C2CD /* GoogleService-Info.plist */; };
		50F29F4723E34AE60050C2CD /* MuscleTypeCVCell.swift in Sources */ = {isa = PBXBuildFile; fileRef = 50F29F4623E34AE60050C2CD /* MuscleTypeCVCell.swift */; };
		7460BBB0F4D2B416B26D127E /* Pods_RockHard.framework in Frameworks */ = {isa = PBXBuildFile; fileRef = 1D06A9E7BA800E8E8EC552FD /* Pods_RockHard.framework */; };
		9704BB1D23E8807300AF6830 /* Post.swift in Sources */ = {isa = PBXBuildFile; fileRef = 9704BB1923E8807200AF6830 /* Post.swift */; };
		9704BB1E23E8807300AF6830 /* AppUser.swift in Sources */ = {isa = PBXBuildFile; fileRef = 9704BB1A23E8807300AF6830 /* AppUser.swift */; };
		9704BB1F23E8807300AF6830 /* FirebaseAuthService.swift in Sources */ = {isa = PBXBuildFile; fileRef = 9704BB1B23E8807300AF6830 /* FirebaseAuthService.swift */; };
		9704BB2023E8807300AF6830 /* FirestoreService.swift in Sources */ = {isa = PBXBuildFile; fileRef = 9704BB1C23E8807300AF6830 /* FirestoreService.swift */; };
		9704BB2223E88DDE00AF6830 /* AddPostViewController.swift in Sources */ = {isa = PBXBuildFile; fileRef = 9704BB2123E88DDE00AF6830 /* AddPostViewController.swift */; };
		97452DA423DF4B1C005636E0 /* ExerciseViewController.swift in Sources */ = {isa = PBXBuildFile; fileRef = 97452DA323DF4B1C005636E0 /* ExerciseViewController.swift */; };
		97452DA623DF4B26005636E0 /* WorkoutViewController.swift in Sources */ = {isa = PBXBuildFile; fileRef = 97452DA523DF4B26005636E0 /* WorkoutViewController.swift */; };
		97452DA823DF4B34005636E0 /* ProfileViewController.swift in Sources */ = {isa = PBXBuildFile; fileRef = 97452DA723DF4B34005636E0 /* ProfileViewController.swift */; };
		97452E4A23E4B5CF005636E0 /* FeedPost.swift in Sources */ = {isa = PBXBuildFile; fileRef = 97452E4923E4B5CF005636E0 /* FeedPost.swift */; };
		974BAEDA24097F1500451290 /* MBProgressHUD.m in Sources */ = {isa = PBXBuildFile; fileRef = 974BAED924097F1500451290 /* MBProgressHUD.m */; };
		974BAEDC24097F4400451290 /* ARModelViewController.swift in Sources */ = {isa = PBXBuildFile; fileRef = 974BAEDB24097F4400451290 /* ARModelViewController.swift */; };
		974BAEDE24097FA500451290 /* testModel.scn in Resources */ = {isa = PBXBuildFile; fileRef = 974BAEDD24097FA500451290 /* testModel.scn */; };
		974BAEE024097FAF00451290 /* testModelMaterial.jpg in Resources */ = {isa = PBXBuildFile; fileRef = 974BAEDF24097FAE00451290 /* testModelMaterial.jpg */; };
		97745CA123F64601002222FD /* Protocols.swift in Sources */ = {isa = PBXBuildFile; fileRef = 97745CA023F64601002222FD /* Protocols.swift */; };
		979492F223F5D99200B636A4 /* FirebaseStorageManager.swift in Sources */ = {isa = PBXBuildFile; fileRef = 979492F123F5D99200B636A4 /* FirebaseStorageManager.swift */; };
		979492F423F5DAFC00B636A4 /* LoginViewController.swift in Sources */ = {isa = PBXBuildFile; fileRef = 979492F323F5DAFC00B636A4 /* LoginViewController.swift */; };
		979492F623F5DB6100B636A4 /* Utilities.swift in Sources */ = {isa = PBXBuildFile; fileRef = 979492F523F5DB6100B636A4 /* Utilities.swift */; };
		979492F823F5DC7000B636A4 /* SignupViewController.swift in Sources */ = {isa = PBXBuildFile; fileRef = 979492F723F5DC7000B636A4 /* SignupViewController.swift */; };
		97BF746123DF49920058F2D7 /* AppDelegate.swift in Sources */ = {isa = PBXBuildFile; fileRef = 97BF746023DF49920058F2D7 /* AppDelegate.swift */; };
		97BF746323DF49920058F2D7 /* SceneDelegate.swift in Sources */ = {isa = PBXBuildFile; fileRef = 97BF746223DF49920058F2D7 /* SceneDelegate.swift */; };
		97BF746523DF49920058F2D7 /* FeedViewController.swift in Sources */ = {isa = PBXBuildFile; fileRef = 97BF746423DF49920058F2D7 /* FeedViewController.swift */; };
		97BF746A23DF49960058F2D7 /* Assets.xcassets in Resources */ = {isa = PBXBuildFile; fileRef = 97BF746923DF49960058F2D7 /* Assets.xcassets */; };
		97BF746D23DF49960058F2D7 /* LaunchScreen.storyboard in Resources */ = {isa = PBXBuildFile; fileRef = 97BF746B23DF49960058F2D7 /* LaunchScreen.storyboard */; };
		97BF747823DF49960058F2D7 /* RockHardTests.swift in Sources */ = {isa = PBXBuildFile; fileRef = 97BF747723DF49960058F2D7 /* RockHardTests.swift */; };
		97BF748423DF49E80058F2D7 /* MainTabBarViewController.swift in Sources */ = {isa = PBXBuildFile; fileRef = 97BF748323DF49E80058F2D7 /* MainTabBarViewController.swift */; };
		CAE1B2B50029641C98525381 /* Pods_RockHardTests.framework in Frameworks */ = {isa = PBXBuildFile; fileRef = 08AAA7C24D83F24ACC05F874 /* Pods_RockHardTests.framework */; };
		DF4071B523E0A91500506B8A /* FeedVerticalCollViewCell.swift in Sources */ = {isa = PBXBuildFile; fileRef = DF4071B423E0A91500506B8A /* FeedVerticalCollViewCell.swift */; };
		DF4C5CF423DF536400A8D537 /* FeedHorizontalCollViewCell.swift in Sources */ = {isa = PBXBuildFile; fileRef = DF4C5CF323DF536400A8D537 /* FeedHorizontalCollViewCell.swift */; };
		DFA2C48823F1C74100157519 /* ExerciseDetailVC.swift in Sources */ = {isa = PBXBuildFile; fileRef = DFA2C48723F1C74100157519 /* ExerciseDetailVC.swift */; };
/* End PBXBuildFile section */

/* Begin PBXContainerItemProxy section */
		97BF747423DF49960058F2D7 /* PBXContainerItemProxy */ = {
			isa = PBXContainerItemProxy;
			containerPortal = 97BF745523DF49920058F2D7 /* Project object */;
			proxyType = 1;
			remoteGlobalIDString = 97BF745C23DF49920058F2D7;
			remoteInfo = RockHard;
		};
/* End PBXContainerItemProxy section */

/* Begin PBXFileReference section */
		08AAA7C24D83F24ACC05F874 /* Pods_RockHardTests.framework */ = {isa = PBXFileReference; explicitFileType = wrapper.framework; includeInIndex = 0; path = Pods_RockHardTests.framework; sourceTree = BUILT_PRODUCTS_DIR; };
		1D06A9E7BA800E8E8EC552FD /* Pods_RockHard.framework */ = {isa = PBXFileReference; explicitFileType = wrapper.framework; includeInIndex = 0; path = Pods_RockHard.framework; sourceTree = BUILT_PRODUCTS_DIR; };
		2FC4BD54D34ACF72B34DC3C4 /* Pods-RockHardTests.debug.xcconfig */ = {isa = PBXFileReference; includeInIndex = 1; lastKnownFileType = text.xcconfig; name = "Pods-RockHardTests.debug.xcconfig"; path = "Target Support Files/Pods-RockHardTests/Pods-RockHardTests.debug.xcconfig"; sourceTree = "<group>"; };
		5008085123F3416700FD307C /* WorkoutPlan.swift */ = {isa = PBXFileReference; lastKnownFileType = sourcecode.swift; path = WorkoutPlan.swift; sourceTree = "<group>"; };
		50524BDE23ECACF900703791 /* WorkoutDayCell.swift */ = {isa = PBXFileReference; lastKnownFileType = sourcecode.swift; path = WorkoutDayCell.swift; sourceTree = "<group>"; };
		50524BE023ECC40900703791 /* WorkoutCard.swift */ = {isa = PBXFileReference; lastKnownFileType = sourcecode.swift; path = WorkoutCard.swift; sourceTree = "<group>"; };
		506E387424043036001EEE6C /* FindBuddyVC.swift */ = {isa = PBXFileReference; lastKnownFileType = sourcecode.swift; path = FindBuddyVC.swift; sourceTree = "<group>"; };
		506E38762404335C001EEE6C /* BuddyRequestCell.swift */ = {isa = PBXFileReference; lastKnownFileType = sourcecode.swift; path = BuddyRequestCell.swift; sourceTree = "<group>"; };
		506E387824043D75001EEE6C /* BuddyRequest.swift */ = {isa = PBXFileReference; lastKnownFileType = sourcecode.swift; path = BuddyRequest.swift; sourceTree = "<group>"; };
		508391FB2405D09100F24E7E /* CreateBuddyRequestVC.swift */ = {isa = PBXFileReference; lastKnownFileType = sourcecode.swift; path = CreateBuddyRequestVC.swift; sourceTree = "<group>"; };
		508BC8A023E8870900A93734 /* Exercise.swift */ = {isa = PBXFileReference; lastKnownFileType = sourcecode.swift; path = Exercise.swift; sourceTree = "<group>"; };
		50C0D58A23FF30CE0039D4A4 /* PlanPersistence.swift */ = {isa = PBXFileReference; fileEncoding = 4; lastKnownFileType = sourcecode.swift; path = PlanPersistence.swift; sourceTree = "<group>"; };
		50C0D58B23FF30CE0039D4A4 /* PersistenceHelper.swift */ = {isa = PBXFileReference; fileEncoding = 4; lastKnownFileType = sourcecode.swift; path = PersistenceHelper.swift; sourceTree = "<group>"; };
		50D4D73523E09FCD00DD7486 /* ExerciseInfoCell.swift */ = {isa = PBXFileReference; lastKnownFileType = sourcecode.swift; name = ExerciseInfoCell.swift; path = RockHard/Controllers/ExerciseInfoCell.swift; sourceTree = SOURCE_ROOT; };
		50D4D73723E0A32100DD7486 /* CellButtonProtocol.swift */ = {isa = PBXFileReference; lastKnownFileType = sourcecode.swift; name = CellButtonProtocol.swift; path = RockHard/Controllers/CellButtonProtocol.swift; sourceTree = SOURCE_ROOT; };
		50F29F4023E0E9AB0050C2CD /* GoogleService-Info.plist */ = {isa = PBXFileReference; fileEncoding = 4; lastKnownFileType = text.plist.xml; path = "GoogleService-Info.plist"; sourceTree = "<group>"; };
		50F29F4623E34AE60050C2CD /* MuscleTypeCVCell.swift */ = {isa = PBXFileReference; lastKnownFileType = sourcecode.swift; name = MuscleTypeCVCell.swift; path = RockHard/Controllers/MuscleTypeCVCell.swift; sourceTree = SOURCE_ROOT; };
		6F87CB3464EE1A2A3CB8E235 /* Pods-RockHard.debug.xcconfig */ = {isa = PBXFileReference; includeInIndex = 1; lastKnownFileType = text.xcconfig; name = "Pods-RockHard.debug.xcconfig"; path = "Target Support Files/Pods-RockHard/Pods-RockHard.debug.xcconfig"; sourceTree = "<group>"; };
		8E03C470E032ACDEF70E175B /* Pods-RockHard.release.xcconfig */ = {isa = PBXFileReference; includeInIndex = 1; lastKnownFileType = text.xcconfig; name = "Pods-RockHard.release.xcconfig"; path = "Target Support Files/Pods-RockHard/Pods-RockHard.release.xcconfig"; sourceTree = "<group>"; };
		9704BB1923E8807200AF6830 /* Post.swift */ = {isa = PBXFileReference; fileEncoding = 4; lastKnownFileType = sourcecode.swift; path = Post.swift; sourceTree = "<group>"; };
		9704BB1A23E8807300AF6830 /* AppUser.swift */ = {isa = PBXFileReference; fileEncoding = 4; lastKnownFileType = sourcecode.swift; path = AppUser.swift; sourceTree = "<group>"; };
		9704BB1B23E8807300AF6830 /* FirebaseAuthService.swift */ = {isa = PBXFileReference; fileEncoding = 4; lastKnownFileType = sourcecode.swift; path = FirebaseAuthService.swift; sourceTree = "<group>"; };
		9704BB1C23E8807300AF6830 /* FirestoreService.swift */ = {isa = PBXFileReference; fileEncoding = 4; lastKnownFileType = sourcecode.swift; path = FirestoreService.swift; sourceTree = "<group>"; };
		9704BB2123E88DDE00AF6830 /* AddPostViewController.swift */ = {isa = PBXFileReference; lastKnownFileType = sourcecode.swift; path = AddPostViewController.swift; sourceTree = "<group>"; };
		97452DA323DF4B1C005636E0 /* ExerciseViewController.swift */ = {isa = PBXFileReference; lastKnownFileType = sourcecode.swift; path = ExerciseViewController.swift; sourceTree = "<group>"; };
		97452DA523DF4B26005636E0 /* WorkoutViewController.swift */ = {isa = PBXFileReference; lastKnownFileType = sourcecode.swift; path = WorkoutViewController.swift; sourceTree = "<group>"; };
		97452DA723DF4B34005636E0 /* ProfileViewController.swift */ = {isa = PBXFileReference; lastKnownFileType = sourcecode.swift; path = ProfileViewController.swift; sourceTree = "<group>"; };
		97452E4923E4B5CF005636E0 /* FeedPost.swift */ = {isa = PBXFileReference; lastKnownFileType = sourcecode.swift; path = FeedPost.swift; sourceTree = "<group>"; };
		974BAED724097F1200451290 /* RockHard-Bridging-Header.h */ = {isa = PBXFileReference; lastKnownFileType = sourcecode.c.h; path = "RockHard-Bridging-Header.h"; sourceTree = "<group>"; };
		974BAED824097F1400451290 /* MBProgressHUD.h */ = {isa = PBXFileReference; fileEncoding = 4; lastKnownFileType = sourcecode.c.h; path = MBProgressHUD.h; sourceTree = "<group>"; };
		974BAED924097F1500451290 /* MBProgressHUD.m */ = {isa = PBXFileReference; fileEncoding = 4; lastKnownFileType = sourcecode.c.objc; path = MBProgressHUD.m; sourceTree = "<group>"; };
		974BAEDB24097F4400451290 /* ARModelViewController.swift */ = {isa = PBXFileReference; lastKnownFileType = sourcecode.swift; path = ARModelViewController.swift; sourceTree = "<group>"; };
		974BAEDD24097FA500451290 /* testModel.scn */ = {isa = PBXFileReference; lastKnownFileType = file.bplist; path = testModel.scn; sourceTree = "<group>"; };
		974BAEDF24097FAE00451290 /* testModelMaterial.jpg */ = {isa = PBXFileReference; lastKnownFileType = image.jpeg; path = testModelMaterial.jpg; sourceTree = "<group>"; };
		97745CA023F64601002222FD /* Protocols.swift */ = {isa = PBXFileReference; lastKnownFileType = sourcecode.swift; path = Protocols.swift; sourceTree = "<group>"; };
		979492F123F5D99200B636A4 /* FirebaseStorageManager.swift */ = {isa = PBXFileReference; lastKnownFileType = sourcecode.swift; path = FirebaseStorageManager.swift; sourceTree = "<group>"; };
		979492F323F5DAFC00B636A4 /* LoginViewController.swift */ = {isa = PBXFileReference; lastKnownFileType = sourcecode.swift; path = LoginViewController.swift; sourceTree = "<group>"; };
		979492F523F5DB6100B636A4 /* Utilities.swift */ = {isa = PBXFileReference; lastKnownFileType = sourcecode.swift; path = Utilities.swift; sourceTree = "<group>"; };
		979492F723F5DC7000B636A4 /* SignupViewController.swift */ = {isa = PBXFileReference; lastKnownFileType = sourcecode.swift; path = SignupViewController.swift; sourceTree = "<group>"; };
		97BF745D23DF49920058F2D7 /* RockHard.app */ = {isa = PBXFileReference; explicitFileType = wrapper.application; includeInIndex = 0; path = RockHard.app; sourceTree = BUILT_PRODUCTS_DIR; };
		97BF746023DF49920058F2D7 /* AppDelegate.swift */ = {isa = PBXFileReference; lastKnownFileType = sourcecode.swift; path = AppDelegate.swift; sourceTree = "<group>"; };
		97BF746223DF49920058F2D7 /* SceneDelegate.swift */ = {isa = PBXFileReference; lastKnownFileType = sourcecode.swift; path = SceneDelegate.swift; sourceTree = "<group>"; };
		97BF746423DF49920058F2D7 /* FeedViewController.swift */ = {isa = PBXFileReference; lastKnownFileType = sourcecode.swift; path = FeedViewController.swift; sourceTree = "<group>"; };
		97BF746923DF49960058F2D7 /* Assets.xcassets */ = {isa = PBXFileReference; lastKnownFileType = folder.assetcatalog; path = Assets.xcassets; sourceTree = "<group>"; };
		97BF746C23DF49960058F2D7 /* Base */ = {isa = PBXFileReference; lastKnownFileType = file.storyboard; name = Base; path = Base.lproj/LaunchScreen.storyboard; sourceTree = "<group>"; };
		97BF746E23DF49960058F2D7 /* Info.plist */ = {isa = PBXFileReference; lastKnownFileType = text.plist.xml; path = Info.plist; sourceTree = "<group>"; };
		97BF747323DF49960058F2D7 /* RockHardTests.xctest */ = {isa = PBXFileReference; explicitFileType = wrapper.cfbundle; includeInIndex = 0; path = RockHardTests.xctest; sourceTree = BUILT_PRODUCTS_DIR; };
		97BF747723DF49960058F2D7 /* RockHardTests.swift */ = {isa = PBXFileReference; lastKnownFileType = sourcecode.swift; path = RockHardTests.swift; sourceTree = "<group>"; };
		97BF747923DF49960058F2D7 /* Info.plist */ = {isa = PBXFileReference; lastKnownFileType = text.plist.xml; path = Info.plist; sourceTree = "<group>"; };
		97BF748323DF49E80058F2D7 /* MainTabBarViewController.swift */ = {isa = PBXFileReference; lastKnownFileType = sourcecode.swift; path = MainTabBarViewController.swift; sourceTree = "<group>"; };
		DF4071B423E0A91500506B8A /* FeedVerticalCollViewCell.swift */ = {isa = PBXFileReference; lastKnownFileType = sourcecode.swift; path = FeedVerticalCollViewCell.swift; sourceTree = "<group>"; };
		DF4C5CF323DF536400A8D537 /* FeedHorizontalCollViewCell.swift */ = {isa = PBXFileReference; lastKnownFileType = sourcecode.swift; path = FeedHorizontalCollViewCell.swift; sourceTree = "<group>"; };
		DFA2C48723F1C74100157519 /* ExerciseDetailVC.swift */ = {isa = PBXFileReference; lastKnownFileType = sourcecode.swift; path = ExerciseDetailVC.swift; sourceTree = "<group>"; };
		E8416E47EC4CE529996B550C /* Pods-RockHardTests.release.xcconfig */ = {isa = PBXFileReference; includeInIndex = 1; lastKnownFileType = text.xcconfig; name = "Pods-RockHardTests.release.xcconfig"; path = "Target Support Files/Pods-RockHardTests/Pods-RockHardTests.release.xcconfig"; sourceTree = "<group>"; };
/* End PBXFileReference section */

/* Begin PBXFrameworksBuildPhase section */
		97BF745A23DF49920058F2D7 /* Frameworks */ = {
			isa = PBXFrameworksBuildPhase;
			buildActionMask = 2147483647;
			files = (
				7460BBB0F4D2B416B26D127E /* Pods_RockHard.framework in Frameworks */,
			);
			runOnlyForDeploymentPostprocessing = 0;
		};
		97BF747023DF49960058F2D7 /* Frameworks */ = {
			isa = PBXFrameworksBuildPhase;
			buildActionMask = 2147483647;
			files = (
				CAE1B2B50029641C98525381 /* Pods_RockHardTests.framework in Frameworks */,
			);
			runOnlyForDeploymentPostprocessing = 0;
		};
/* End PBXFrameworksBuildPhase section */

/* Begin PBXGroup section */
		067890CB1506B8095E31A75B /* Frameworks */ = {
			isa = PBXGroup;
			children = (
				1D06A9E7BA800E8E8EC552FD /* Pods_RockHard.framework */,
				08AAA7C24D83F24ACC05F874 /* Pods_RockHardTests.framework */,
			);
			name = Frameworks;
			sourceTree = "<group>";
		};
		50C0D58923FF30A00039D4A4 /* Persistence */ = {
			isa = PBXGroup;
			children = (
				50C0D58A23FF30CE0039D4A4 /* PlanPersistence.swift */,
				50C0D58B23FF30CE0039D4A4 /* PersistenceHelper.swift */,
			);
			path = Persistence;
			sourceTree = "<group>";
		};
		9704BB1423E8800200AF6830 /* FireBase */ = {
			isa = PBXGroup;
			children = (
				9704BB1A23E8807300AF6830 /* AppUser.swift */,
				9704BB1923E8807200AF6830 /* Post.swift */,
				9704BB1B23E8807300AF6830 /* FirebaseAuthService.swift */,
				9704BB1C23E8807300AF6830 /* FirestoreService.swift */,
				979492F123F5D99200B636A4 /* FirebaseStorageManager.swift */,
			);
			path = FireBase;
			sourceTree = "<group>";
		};
		97452DA923DF4B52005636E0 /* Models */ = {
			isa = PBXGroup;
			children = (
				97452E4923E4B5CF005636E0 /* FeedPost.swift */,
				508BC8A023E8870900A93734 /* Exercise.swift */,
				50524BE023ECC40900703791 /* WorkoutCard.swift */,
				5008085123F3416700FD307C /* WorkoutPlan.swift */,
				506E387824043D75001EEE6C /* BuddyRequest.swift */,
			);
			path = Models;
			sourceTree = "<group>";
		};
		97452DAA23DF4B58005636E0 /* Views */ = {
			isa = PBXGroup;
			children = (
				DF4C5CF323DF536400A8D537 /* FeedHorizontalCollViewCell.swift */,
				DF4071B423E0A91500506B8A /* FeedVerticalCollViewCell.swift */,
				50D4D73523E09FCD00DD7486 /* ExerciseInfoCell.swift */,
				50524BDE23ECACF900703791 /* WorkoutDayCell.swift */,
				50D4D73723E0A32100DD7486 /* CellButtonProtocol.swift */,
				50F29F4623E34AE60050C2CD /* MuscleTypeCVCell.swift */,
				506E38762404335C001EEE6C /* BuddyRequestCell.swift */,
			);
			path = Views;
			sourceTree = "<group>";
		};
		97452DAB23DF4B5F005636E0 /* Networking */ = {
			isa = PBXGroup;
			children = (
				9704BB1423E8800200AF6830 /* FireBase */,
			);
			path = Networking;
			sourceTree = "<group>";
		};
		97BF745423DF49920058F2D7 = {
			isa = PBXGroup;
			children = (
				97BF745F23DF49920058F2D7 /* RockHard */,
				97BF747623DF49960058F2D7 /* RockHardTests */,
				97BF745E23DF49920058F2D7 /* Products */,
				F21943A589A8C9BA177FBF1D /* Pods */,
				067890CB1506B8095E31A75B /* Frameworks */,
			);
			sourceTree = "<group>";
		};
		97BF745E23DF49920058F2D7 /* Products */ = {
			isa = PBXGroup;
			children = (
				97BF745D23DF49920058F2D7 /* RockHard.app */,
				97BF747323DF49960058F2D7 /* RockHardTests.xctest */,
			);
			name = Products;
			sourceTree = "<group>";
		};
		97BF745F23DF49920058F2D7 /* RockHard */ = {
			isa = PBXGroup;
			children = (
				50C0D58923FF30A00039D4A4 /* Persistence */,
				97452DAB23DF4B5F005636E0 /* Networking */,
				97452DAA23DF4B58005636E0 /* Views */,
				97452DA923DF4B52005636E0 /* Models */,
				97BF748223DF49A60058F2D7 /* Controllers */,
				97BF746923DF49960058F2D7 /* Assets.xcassets */,
				97BF746023DF49920058F2D7 /* AppDelegate.swift */,
				97BF746223DF49920058F2D7 /* SceneDelegate.swift */,
				97BF746B23DF49960058F2D7 /* LaunchScreen.storyboard */,
				50F29F4023E0E9AB0050C2CD /* GoogleService-Info.plist */,
				974BAEDD24097FA500451290 /* testModel.scn */,
				974BAEDF24097FAE00451290 /* testModelMaterial.jpg */,
				97BF746E23DF49960058F2D7 /* Info.plist */,
				974BAED824097F1400451290 /* MBProgressHUD.h */,
				974BAED924097F1500451290 /* MBProgressHUD.m */,
				979492F523F5DB6100B636A4 /* Utilities.swift */,
				97745CA023F64601002222FD /* Protocols.swift */,
				974BAED724097F1200451290 /* RockHard-Bridging-Header.h */,
			);
			path = RockHard;
			sourceTree = "<group>";
		};
		97BF747623DF49960058F2D7 /* RockHardTests */ = {
			isa = PBXGroup;
			children = (
				97BF747723DF49960058F2D7 /* RockHardTests.swift */,
				97BF747923DF49960058F2D7 /* Info.plist */,
			);
			path = RockHardTests;
			sourceTree = "<group>";
		};
		97BF748223DF49A60058F2D7 /* Controllers */ = {
			isa = PBXGroup;
			children = (
				97BF748323DF49E80058F2D7 /* MainTabBarViewController.swift */,
				DFA2C48723F1C74100157519 /* ExerciseDetailVC.swift */,
				97BF746423DF49920058F2D7 /* FeedViewController.swift */,
				97452DA523DF4B26005636E0 /* WorkoutViewController.swift */,
				97452DA323DF4B1C005636E0 /* ExerciseViewController.swift */,
				97452DA723DF4B34005636E0 /* ProfileViewController.swift */,
				9704BB2123E88DDE00AF6830 /* AddPostViewController.swift */,
				979492F723F5DC7000B636A4 /* SignupViewController.swift */,
				506E387424043036001EEE6C /* FindBuddyVC.swift */,
				508391FB2405D09100F24E7E /* CreateBuddyRequestVC.swift */,
				979492F323F5DAFC00B636A4 /* LoginViewController.swift */,
				974BAEDB24097F4400451290 /* ARModelViewController.swift */,
			);
			path = Controllers;
			sourceTree = "<group>";
		};
		F21943A589A8C9BA177FBF1D /* Pods */ = {
			isa = PBXGroup;
			children = (
				6F87CB3464EE1A2A3CB8E235 /* Pods-RockHard.debug.xcconfig */,
				8E03C470E032ACDEF70E175B /* Pods-RockHard.release.xcconfig */,
				2FC4BD54D34ACF72B34DC3C4 /* Pods-RockHardTests.debug.xcconfig */,
				E8416E47EC4CE529996B550C /* Pods-RockHardTests.release.xcconfig */,
			);
			path = Pods;
			sourceTree = "<group>";
		};
/* End PBXGroup section */

/* Begin PBXNativeTarget section */
		97BF745C23DF49920058F2D7 /* RockHard */ = {
			isa = PBXNativeTarget;
			buildConfigurationList = 97BF747C23DF49960058F2D7 /* Build configuration list for PBXNativeTarget "RockHard" */;
			buildPhases = (
				8D469D11C573A5D7146CE5CD /* [CP] Check Pods Manifest.lock */,
				97BF745923DF49920058F2D7 /* Sources */,
				97BF745A23DF49920058F2D7 /* Frameworks */,
				97BF745B23DF49920058F2D7 /* Resources */,
				0DEDBA9BCA5204A2AD45C78C /* [CP] Embed Pods Frameworks */,
			);
			buildRules = (
			);
			dependencies = (
			);
			name = RockHard;
			productName = RockHard;
			productReference = 97BF745D23DF49920058F2D7 /* RockHard.app */;
			productType = "com.apple.product-type.application";
		};
		97BF747223DF49960058F2D7 /* RockHardTests */ = {
			isa = PBXNativeTarget;
			buildConfigurationList = 97BF747F23DF49960058F2D7 /* Build configuration list for PBXNativeTarget "RockHardTests" */;
			buildPhases = (
				4165714A3514A8B61CA37CF4 /* [CP] Check Pods Manifest.lock */,
				97BF746F23DF49960058F2D7 /* Sources */,
				97BF747023DF49960058F2D7 /* Frameworks */,
				97BF747123DF49960058F2D7 /* Resources */,
			);
			buildRules = (
			);
			dependencies = (
				97BF747523DF49960058F2D7 /* PBXTargetDependency */,
			);
			name = RockHardTests;
			productName = RockHardTests;
			productReference = 97BF747323DF49960058F2D7 /* RockHardTests.xctest */;
			productType = "com.apple.product-type.bundle.unit-test";
		};
/* End PBXNativeTarget section */

/* Begin PBXProject section */
		97BF745523DF49920058F2D7 /* Project object */ = {
			isa = PBXProject;
			attributes = {
				LastSwiftUpdateCheck = 1130;
				LastUpgradeCheck = 1130;
				ORGANIZATIONNAME = Rockstars;
				TargetAttributes = {
					97BF745C23DF49920058F2D7 = {
						CreatedOnToolsVersion = 11.3.1;
						LastSwiftMigration = 1130;
					};
					97BF747223DF49960058F2D7 = {
						CreatedOnToolsVersion = 11.3.1;
						TestTargetID = 97BF745C23DF49920058F2D7;
					};
				};
			};
			buildConfigurationList = 97BF745823DF49920058F2D7 /* Build configuration list for PBXProject "RockHard" */;
			compatibilityVersion = "Xcode 9.3";
			developmentRegion = en;
			hasScannedForEncodings = 0;
			knownRegions = (
				en,
				Base,
			);
			mainGroup = 97BF745423DF49920058F2D7;
			productRefGroup = 97BF745E23DF49920058F2D7 /* Products */;
			projectDirPath = "";
			projectRoot = "";
			targets = (
				97BF745C23DF49920058F2D7 /* RockHard */,
				97BF747223DF49960058F2D7 /* RockHardTests */,
			);
		};
/* End PBXProject section */

/* Begin PBXResourcesBuildPhase section */
		97BF745B23DF49920058F2D7 /* Resources */ = {
			isa = PBXResourcesBuildPhase;
			buildActionMask = 2147483647;
			files = (
				974BAEDE24097FA500451290 /* testModel.scn in Resources */,
				50F29F4123E0E9AB0050C2CD /* GoogleService-Info.plist in Resources */,
				974BAEE024097FAF00451290 /* testModelMaterial.jpg in Resources */,
				97BF746D23DF49960058F2D7 /* LaunchScreen.storyboard in Resources */,
				97BF746A23DF49960058F2D7 /* Assets.xcassets in Resources */,
			);
			runOnlyForDeploymentPostprocessing = 0;
		};
		97BF747123DF49960058F2D7 /* Resources */ = {
			isa = PBXResourcesBuildPhase;
			buildActionMask = 2147483647;
			files = (
			);
			runOnlyForDeploymentPostprocessing = 0;
		};
/* End PBXResourcesBuildPhase section */

/* Begin PBXShellScriptBuildPhase section */
		0DEDBA9BCA5204A2AD45C78C /* [CP] Embed Pods Frameworks */ = {
			isa = PBXShellScriptBuildPhase;
			buildActionMask = 2147483647;
			files = (
			);
			inputFileListPaths = (
				"${PODS_ROOT}/Target Support Files/Pods-RockHard/Pods-RockHard-frameworks-${CONFIGURATION}-input-files.xcfilelist",
			);
			name = "[CP] Embed Pods Frameworks";
			outputFileListPaths = (
				"${PODS_ROOT}/Target Support Files/Pods-RockHard/Pods-RockHard-frameworks-${CONFIGURATION}-output-files.xcfilelist",
			);
			runOnlyForDeploymentPostprocessing = 0;
			shellPath = /bin/sh;
			shellScript = "\"${PODS_ROOT}/Target Support Files/Pods-RockHard/Pods-RockHard-frameworks.sh\"\n";
			showEnvVarsInLog = 0;
		};
		4165714A3514A8B61CA37CF4 /* [CP] Check Pods Manifest.lock */ = {
			isa = PBXShellScriptBuildPhase;
			buildActionMask = 2147483647;
			files = (
			);
			inputFileListPaths = (
			);
			inputPaths = (
				"${PODS_PODFILE_DIR_PATH}/Podfile.lock",
				"${PODS_ROOT}/Manifest.lock",
			);
			name = "[CP] Check Pods Manifest.lock";
			outputFileListPaths = (
			);
			outputPaths = (
				"$(DERIVED_FILE_DIR)/Pods-RockHardTests-checkManifestLockResult.txt",
			);
			runOnlyForDeploymentPostprocessing = 0;
			shellPath = /bin/sh;
			shellScript = "diff \"${PODS_PODFILE_DIR_PATH}/Podfile.lock\" \"${PODS_ROOT}/Manifest.lock\" > /dev/null\nif [ $? != 0 ] ; then\n    # print error to STDERR\n    echo \"error: The sandbox is not in sync with the Podfile.lock. Run 'pod install' or update your CocoaPods installation.\" >&2\n    exit 1\nfi\n# This output is used by Xcode 'outputs' to avoid re-running this script phase.\necho \"SUCCESS\" > \"${SCRIPT_OUTPUT_FILE_0}\"\n";
			showEnvVarsInLog = 0;
		};
		8D469D11C573A5D7146CE5CD /* [CP] Check Pods Manifest.lock */ = {
			isa = PBXShellScriptBuildPhase;
			buildActionMask = 2147483647;
			files = (
			);
			inputFileListPaths = (
			);
			inputPaths = (
				"${PODS_PODFILE_DIR_PATH}/Podfile.lock",
				"${PODS_ROOT}/Manifest.lock",
			);
			name = "[CP] Check Pods Manifest.lock";
			outputFileListPaths = (
			);
			outputPaths = (
				"$(DERIVED_FILE_DIR)/Pods-RockHard-checkManifestLockResult.txt",
			);
			runOnlyForDeploymentPostprocessing = 0;
			shellPath = /bin/sh;
			shellScript = "diff \"${PODS_PODFILE_DIR_PATH}/Podfile.lock\" \"${PODS_ROOT}/Manifest.lock\" > /dev/null\nif [ $? != 0 ] ; then\n    # print error to STDERR\n    echo \"error: The sandbox is not in sync with the Podfile.lock. Run 'pod install' or update your CocoaPods installation.\" >&2\n    exit 1\nfi\n# This output is used by Xcode 'outputs' to avoid re-running this script phase.\necho \"SUCCESS\" > \"${SCRIPT_OUTPUT_FILE_0}\"\n";
			showEnvVarsInLog = 0;
		};
/* End PBXShellScriptBuildPhase section */

/* Begin PBXSourcesBuildPhase section */
		97BF745923DF49920058F2D7 /* Sources */ = {
			isa = PBXSourcesBuildPhase;
			buildActionMask = 2147483647;
			files = (
				9704BB1D23E8807300AF6830 /* Post.swift in Sources */,
				97745CA123F64601002222FD /* Protocols.swift in Sources */,
				97452DA623DF4B26005636E0 /* WorkoutViewController.swift in Sources */,
				508391FC2405D09100F24E7E /* CreateBuddyRequestVC.swift in Sources */,
				979492F823F5DC7000B636A4 /* SignupViewController.swift in Sources */,
				97BF746523DF49920058F2D7 /* FeedViewController.swift in Sources */,
				9704BB2223E88DDE00AF6830 /* AddPostViewController.swift in Sources */,
				DF4C5CF423DF536400A8D537 /* FeedHorizontalCollViewCell.swift in Sources */,
				97452E4A23E4B5CF005636E0 /* FeedPost.swift in Sources */,
				974BAEDA24097F1500451290 /* MBProgressHUD.m in Sources */,
				97452DA423DF4B1C005636E0 /* ExerciseViewController.swift in Sources */,
				9704BB2023E8807300AF6830 /* FirestoreService.swift in Sources */,
				974BAEDC24097F4400451290 /* ARModelViewController.swift in Sources */,
				979492F423F5DAFC00B636A4 /* LoginViewController.swift in Sources */,
				979492F623F5DB6100B636A4 /* Utilities.swift in Sources */,
				97BF748423DF49E80058F2D7 /* MainTabBarViewController.swift in Sources */,
				506E387924043D75001EEE6C /* BuddyRequest.swift in Sources */,
				50C0D58D23FF30CE0039D4A4 /* PersistenceHelper.swift in Sources */,
				508BC8A123E8870900A93734 /* Exercise.swift in Sources */,
				50524BE123ECC40900703791 /* WorkoutCard.swift in Sources */,
				9704BB1E23E8807300AF6830 /* AppUser.swift in Sources */,
				97452DA823DF4B34005636E0 /* ProfileViewController.swift in Sources */,
				506E38772404335C001EEE6C /* BuddyRequestCell.swift in Sources */,
				50524BDF23ECACF900703791 /* WorkoutDayCell.swift in Sources */,
				50D4D73823E0A32100DD7486 /* CellButtonProtocol.swift in Sources */,
				50C0D58C23FF30CE0039D4A4 /* PlanPersistence.swift in Sources */,
				9704BB1F23E8807300AF6830 /* FirebaseAuthService.swift in Sources */,
				50D4D73623E09FCD00DD7486 /* ExerciseInfoCell.swift in Sources */,
				979492F223F5D99200B636A4 /* FirebaseStorageManager.swift in Sources */,
				5008085223F3416700FD307C /* WorkoutPlan.swift in Sources */,
				50F29F4723E34AE60050C2CD /* MuscleTypeCVCell.swift in Sources */,
				97BF746123DF49920058F2D7 /* AppDelegate.swift in Sources */,
				97BF746323DF49920058F2D7 /* SceneDelegate.swift in Sources */,
				DF4071B523E0A91500506B8A /* FeedVerticalCollViewCell.swift in Sources */,
				DFA2C48823F1C74100157519 /* ExerciseDetailVC.swift in Sources */,
				506E387524043036001EEE6C /* FindBuddyVC.swift in Sources */,
			);
			runOnlyForDeploymentPostprocessing = 0;
		};
		97BF746F23DF49960058F2D7 /* Sources */ = {
			isa = PBXSourcesBuildPhase;
			buildActionMask = 2147483647;
			files = (
				97BF747823DF49960058F2D7 /* RockHardTests.swift in Sources */,
			);
			runOnlyForDeploymentPostprocessing = 0;
		};
/* End PBXSourcesBuildPhase section */

/* Begin PBXTargetDependency section */
		97BF747523DF49960058F2D7 /* PBXTargetDependency */ = {
			isa = PBXTargetDependency;
			target = 97BF745C23DF49920058F2D7 /* RockHard */;
			targetProxy = 97BF747423DF49960058F2D7 /* PBXContainerItemProxy */;
		};
/* End PBXTargetDependency section */

/* Begin PBXVariantGroup section */
		97BF746B23DF49960058F2D7 /* LaunchScreen.storyboard */ = {
			isa = PBXVariantGroup;
			children = (
				97BF746C23DF49960058F2D7 /* Base */,
			);
			name = LaunchScreen.storyboard;
			sourceTree = "<group>";
		};
/* End PBXVariantGroup section */

/* Begin XCBuildConfiguration section */
		97BF747A23DF49960058F2D7 /* Debug */ = {
			isa = XCBuildConfiguration;
			buildSettings = {
				ALWAYS_SEARCH_USER_PATHS = NO;
				CLANG_ANALYZER_NONNULL = YES;
				CLANG_ANALYZER_NUMBER_OBJECT_CONVERSION = YES_AGGRESSIVE;
				CLANG_CXX_LANGUAGE_STANDARD = "gnu++14";
				CLANG_CXX_LIBRARY = "libc++";
				CLANG_ENABLE_MODULES = YES;
				CLANG_ENABLE_OBJC_ARC = YES;
				CLANG_ENABLE_OBJC_WEAK = YES;
				CLANG_WARN_BLOCK_CAPTURE_AUTORELEASING = YES;
				CLANG_WARN_BOOL_CONVERSION = YES;
				CLANG_WARN_COMMA = YES;
				CLANG_WARN_CONSTANT_CONVERSION = YES;
				CLANG_WARN_DEPRECATED_OBJC_IMPLEMENTATIONS = YES;
				CLANG_WARN_DIRECT_OBJC_ISA_USAGE = YES_ERROR;
				CLANG_WARN_DOCUMENTATION_COMMENTS = YES;
				CLANG_WARN_EMPTY_BODY = YES;
				CLANG_WARN_ENUM_CONVERSION = YES;
				CLANG_WARN_INFINITE_RECURSION = YES;
				CLANG_WARN_INT_CONVERSION = YES;
				CLANG_WARN_NON_LITERAL_NULL_CONVERSION = YES;
				CLANG_WARN_OBJC_IMPLICIT_RETAIN_SELF = YES;
				CLANG_WARN_OBJC_LITERAL_CONVERSION = YES;
				CLANG_WARN_OBJC_ROOT_CLASS = YES_ERROR;
				CLANG_WARN_RANGE_LOOP_ANALYSIS = YES;
				CLANG_WARN_STRICT_PROTOTYPES = YES;
				CLANG_WARN_SUSPICIOUS_MOVE = YES;
				CLANG_WARN_UNGUARDED_AVAILABILITY = YES_AGGRESSIVE;
				CLANG_WARN_UNREACHABLE_CODE = YES;
				CLANG_WARN__DUPLICATE_METHOD_MATCH = YES;
				COPY_PHASE_STRIP = NO;
				DEBUG_INFORMATION_FORMAT = dwarf;
				ENABLE_STRICT_OBJC_MSGSEND = YES;
				ENABLE_TESTABILITY = YES;
				GCC_C_LANGUAGE_STANDARD = gnu11;
				GCC_DYNAMIC_NO_PIC = NO;
				GCC_NO_COMMON_BLOCKS = YES;
				GCC_OPTIMIZATION_LEVEL = 0;
				GCC_PREPROCESSOR_DEFINITIONS = (
					"DEBUG=1",
					"$(inherited)",
				);
				GCC_WARN_64_TO_32_BIT_CONVERSION = YES;
				GCC_WARN_ABOUT_RETURN_TYPE = YES_ERROR;
				GCC_WARN_UNDECLARED_SELECTOR = YES;
				GCC_WARN_UNINITIALIZED_AUTOS = YES_AGGRESSIVE;
				GCC_WARN_UNUSED_FUNCTION = YES;
				GCC_WARN_UNUSED_VARIABLE = YES;
				IPHONEOS_DEPLOYMENT_TARGET = 13.2;
				MTL_ENABLE_DEBUG_INFO = INCLUDE_SOURCE;
				MTL_FAST_MATH = YES;
				ONLY_ACTIVE_ARCH = YES;
				SDKROOT = iphoneos;
				SWIFT_ACTIVE_COMPILATION_CONDITIONS = DEBUG;
				SWIFT_OPTIMIZATION_LEVEL = "-Onone";
			};
			name = Debug;
		};
		97BF747B23DF49960058F2D7 /* Release */ = {
			isa = XCBuildConfiguration;
			buildSettings = {
				ALWAYS_SEARCH_USER_PATHS = NO;
				CLANG_ANALYZER_NONNULL = YES;
				CLANG_ANALYZER_NUMBER_OBJECT_CONVERSION = YES_AGGRESSIVE;
				CLANG_CXX_LANGUAGE_STANDARD = "gnu++14";
				CLANG_CXX_LIBRARY = "libc++";
				CLANG_ENABLE_MODULES = YES;
				CLANG_ENABLE_OBJC_ARC = YES;
				CLANG_ENABLE_OBJC_WEAK = YES;
				CLANG_WARN_BLOCK_CAPTURE_AUTORELEASING = YES;
				CLANG_WARN_BOOL_CONVERSION = YES;
				CLANG_WARN_COMMA = YES;
				CLANG_WARN_CONSTANT_CONVERSION = YES;
				CLANG_WARN_DEPRECATED_OBJC_IMPLEMENTATIONS = YES;
				CLANG_WARN_DIRECT_OBJC_ISA_USAGE = YES_ERROR;
				CLANG_WARN_DOCUMENTATION_COMMENTS = YES;
				CLANG_WARN_EMPTY_BODY = YES;
				CLANG_WARN_ENUM_CONVERSION = YES;
				CLANG_WARN_INFINITE_RECURSION = YES;
				CLANG_WARN_INT_CONVERSION = YES;
				CLANG_WARN_NON_LITERAL_NULL_CONVERSION = YES;
				CLANG_WARN_OBJC_IMPLICIT_RETAIN_SELF = YES;
				CLANG_WARN_OBJC_LITERAL_CONVERSION = YES;
				CLANG_WARN_OBJC_ROOT_CLASS = YES_ERROR;
				CLANG_WARN_RANGE_LOOP_ANALYSIS = YES;
				CLANG_WARN_STRICT_PROTOTYPES = YES;
				CLANG_WARN_SUSPICIOUS_MOVE = YES;
				CLANG_WARN_UNGUARDED_AVAILABILITY = YES_AGGRESSIVE;
				CLANG_WARN_UNREACHABLE_CODE = YES;
				CLANG_WARN__DUPLICATE_METHOD_MATCH = YES;
				COPY_PHASE_STRIP = NO;
				DEBUG_INFORMATION_FORMAT = "dwarf-with-dsym";
				ENABLE_NS_ASSERTIONS = NO;
				ENABLE_STRICT_OBJC_MSGSEND = YES;
				GCC_C_LANGUAGE_STANDARD = gnu11;
				GCC_NO_COMMON_BLOCKS = YES;
				GCC_WARN_64_TO_32_BIT_CONVERSION = YES;
				GCC_WARN_ABOUT_RETURN_TYPE = YES_ERROR;
				GCC_WARN_UNDECLARED_SELECTOR = YES;
				GCC_WARN_UNINITIALIZED_AUTOS = YES_AGGRESSIVE;
				GCC_WARN_UNUSED_FUNCTION = YES;
				GCC_WARN_UNUSED_VARIABLE = YES;
				IPHONEOS_DEPLOYMENT_TARGET = 13.2;
				MTL_ENABLE_DEBUG_INFO = NO;
				MTL_FAST_MATH = YES;
				SDKROOT = iphoneos;
				SWIFT_COMPILATION_MODE = wholemodule;
				SWIFT_OPTIMIZATION_LEVEL = "-O";
				VALIDATE_PRODUCT = YES;
			};
			name = Release;
		};
		97BF747D23DF49960058F2D7 /* Debug */ = {
			isa = XCBuildConfiguration;
			baseConfigurationReference = 6F87CB3464EE1A2A3CB8E235 /* Pods-RockHard.debug.xcconfig */;
			buildSettings = {
				ASSETCATALOG_COMPILER_APPICON_NAME = AppIcon;
				CLANG_ENABLE_MODULES = YES;
				CODE_SIGN_STYLE = Automatic;
				DEVELOPMENT_TEAM = 26RHXP32FH;
				INFOPLIST_FILE = RockHard/Info.plist;
				LD_RUNPATH_SEARCH_PATHS = (
					"$(inherited)",
					"@executable_path/Frameworks",
				);
				PRODUCT_BUNDLE_IDENTIFIER = com.pursuit.abtive;
				PRODUCT_NAME = "$(TARGET_NAME)";
				SWIFT_OBJC_BRIDGING_HEADER = "RockHard/RockHard-Bridging-Header.h";
				SWIFT_OPTIMIZATION_LEVEL = "-Onone";
				SWIFT_VERSION = 5.0;
				TARGETED_DEVICE_FAMILY = "1,2";
			};
			name = Debug;
		};
		97BF747E23DF49960058F2D7 /* Release */ = {
			isa = XCBuildConfiguration;
			baseConfigurationReference = 8E03C470E032ACDEF70E175B /* Pods-RockHard.release.xcconfig */;
			buildSettings = {
				ASSETCATALOG_COMPILER_APPICON_NAME = AppIcon;
				CLANG_ENABLE_MODULES = YES;
				CODE_SIGN_STYLE = Automatic;
				DEVELOPMENT_TEAM = 26RHXP32FH;
				INFOPLIST_FILE = RockHard/Info.plist;
				LD_RUNPATH_SEARCH_PATHS = (
					"$(inherited)",
					"@executable_path/Frameworks",
				);
				PRODUCT_BUNDLE_IDENTIFIER = com.pursuit.abtive;
				PRODUCT_NAME = "$(TARGET_NAME)";
				SWIFT_OBJC_BRIDGING_HEADER = "RockHard/RockHard-Bridging-Header.h";
				SWIFT_VERSION = 5.0;
				TARGETED_DEVICE_FAMILY = "1,2";
			};
			name = Release;
		};
		97BF748023DF49960058F2D7 /* Debug */ = {
			isa = XCBuildConfiguration;
			baseConfigurationReference = 2FC4BD54D34ACF72B34DC3C4 /* Pods-RockHardTests.debug.xcconfig */;
			buildSettings = {
				ALWAYS_EMBED_SWIFT_STANDARD_LIBRARIES = YES;
				BUNDLE_LOADER = "$(TEST_HOST)";
				CODE_SIGN_STYLE = Automatic;
				DEVELOPMENT_TEAM = 5CMXYD37HJ;
				INFOPLIST_FILE = RockHardTests/Info.plist;
				IPHONEOS_DEPLOYMENT_TARGET = 13.2;
				LD_RUNPATH_SEARCH_PATHS = (
					"$(inherited)",
					"@executable_path/Frameworks",
					"@loader_path/Frameworks",
				);
				PRODUCT_BUNDLE_IDENTIFIER = Antnee.RockHardTests;
				PRODUCT_NAME = "$(TARGET_NAME)";
				SWIFT_VERSION = 5.0;
				TARGETED_DEVICE_FAMILY = "1,2";
				TEST_HOST = "$(BUILT_PRODUCTS_DIR)/RockHard.app/RockHard";
			};
			name = Debug;
		};
		97BF748123DF49960058F2D7 /* Release */ = {
			isa = XCBuildConfiguration;
			baseConfigurationReference = E8416E47EC4CE529996B550C /* Pods-RockHardTests.release.xcconfig */;
			buildSettings = {
				ALWAYS_EMBED_SWIFT_STANDARD_LIBRARIES = YES;
				BUNDLE_LOADER = "$(TEST_HOST)";
				CODE_SIGN_STYLE = Automatic;
				DEVELOPMENT_TEAM = 5CMXYD37HJ;
				INFOPLIST_FILE = RockHardTests/Info.plist;
				IPHONEOS_DEPLOYMENT_TARGET = 13.2;
				LD_RUNPATH_SEARCH_PATHS = (
					"$(inherited)",
					"@executable_path/Frameworks",
					"@loader_path/Frameworks",
				);
				PRODUCT_BUNDLE_IDENTIFIER = Antnee.RockHardTests;
				PRODUCT_NAME = "$(TARGET_NAME)";
				SWIFT_VERSION = 5.0;
				TARGETED_DEVICE_FAMILY = "1,2";
				TEST_HOST = "$(BUILT_PRODUCTS_DIR)/RockHard.app/RockHard";
			};
			name = Release;
		};
/* End XCBuildConfiguration section */

/* Begin XCConfigurationList section */
		97BF745823DF49920058F2D7 /* Build configuration list for PBXProject "RockHard" */ = {
			isa = XCConfigurationList;
			buildConfigurations = (
				97BF747A23DF49960058F2D7 /* Debug */,
				97BF747B23DF49960058F2D7 /* Release */,
			);
			defaultConfigurationIsVisible = 0;
			defaultConfigurationName = Release;
		};
		97BF747C23DF49960058F2D7 /* Build configuration list for PBXNativeTarget "RockHard" */ = {
			isa = XCConfigurationList;
			buildConfigurations = (
				97BF747D23DF49960058F2D7 /* Debug */,
				97BF747E23DF49960058F2D7 /* Release */,
			);
			defaultConfigurationIsVisible = 0;
			defaultConfigurationName = Release;
		};
		97BF747F23DF49960058F2D7 /* Build configuration list for PBXNativeTarget "RockHardTests" */ = {
			isa = XCConfigurationList;
			buildConfigurations = (
				97BF748023DF49960058F2D7 /* Debug */,
				97BF748123DF49960058F2D7 /* Release */,
			);
			defaultConfigurationIsVisible = 0;
			defaultConfigurationName = Release;
		};
/* End XCConfigurationList section */
	};
	rootObject = 97BF745523DF49920058F2D7 /* Project object */;
}
